
Microsoft Visual Studio Solution File, Format Version 12.00
# Visual Studio Version 16
VisualStudioVersion = 16.0.34301.259
MinimumVisualStudioVersion = 10.0.40219.1
Project("{FAE04EC0-301F-11D3-BF4B-00C04F79EFBC}") = "Platform.WebSite", "Platform.WebSite\Platform.WebSite.csproj", "{F4B7A23E-4772-4EE8-B702-FA120848110C}"
EndProject
Project("{2150E333-8FDC-42A3-9474-1A3956D46DE8}") = "SolutionItems", "SolutionItems", "{17B0F987-3D87-455E-9BF2-3ACA0498AACF}"
	ProjectSection(SolutionItems) = preProject
		..\README.md = ..\README.md
	EndProjectSection
EndProject
Project("{FAE04EC0-301F-11D3-BF4B-00C04F79EFBC}") = "Platform.AbstractionClass", "Platform.AbstractionClass\Platform.AbstractionClass.csproj", "{6330B1BA-7111-4467-8446-4A38C5E3D1EE}"
EndProject
Project("{FAE04EC0-301F-11D3-BF4B-00C04F79EFBC}") = "Platform.Infra", "Platform.Infra\Platform.Infra.csproj", "{5DEFA750-6EA3-4DFB-BD82-D352D1DB5F08}"
EndProject
Project("{2150E333-8FDC-42A3-9474-1A3956D46DE8}") = "Infra", "Infra", "{2276B762-1416-4DD4-A712-9F859A1F4D1D}"
EndProject
Project("{FAE04EC0-301F-11D3-BF4B-00C04F79EFBC}") = "Platform.LogService", "Platform.LogService\Platform.LogService.csproj", "{1D495112-15C2-467A-8D1F-30A799977F99}"
EndProject
Project("{FAE04EC0-301F-11D3-BF4B-00C04F79EFBC}") = "BI.SampleData", "BI.SampleData\BI.SampleData.csproj", "{CC603DEE-8777-4802-9B55-FC8F3855A8A7}"
EndProject
Project("{2150E333-8FDC-42A3-9474-1A3956D46DE8}") = "Custom.BI", "Custom.BI", "{467F3F9C-C7F0-4645-ABCB-29EEA13CA504}"
EndProject
Project("{FAE04EC0-301F-11D3-BF4B-00C04F79EFBC}") = "Platform.Portal", "Platform.Portal\Platform.Portal.csproj", "{9C0EA599-AFC4-4D59-8716-65E8170FE702}"
EndProject
Project("{FAE04EC0-301F-11D3-BF4B-00C04F79EFBC}") = "Platform.Security", "Platform.Security\Platform.Security.csproj", "{262FBFC6-9153-408E-812D-CED80BAB7A34}"
EndProject
Project("{FAE04EC0-301F-11D3-BF4B-00C04F79EFBC}") = "Platform.Auth", "Platform.Auth\Platform.Auth.csproj", "{FBAB3EF0-28B7-4A04-9BDE-0EB86124F131}"
EndProject
Project("{FAE04EC0-301F-11D3-BF4B-00C04F79EFBC}") = "Platform.FileSystem", "Platform.FileSystem\Platform.FileSystem.csproj", "{2389E96D-EE22-4DA2-9E89-013B92C48613}"
EndProject
Project("{FAE04EC0-301F-11D3-BF4B-00C04F79EFBC}") = "Platform.ORM", "Platform.ORM\Platform.ORM.csproj", "{91E6D1C4-B7EC-4E9C-A0A3-ECD4A8F2D565}"
EndProject
Project("{FAE04EC0-301F-11D3-BF4B-00C04F79EFBC}") = "BI.Shared", "BI.Shared\BI.Shared.csproj", "{C7B88AB0-37B5-4B25-9AE3-410447C22074}"
EndProject
Project("{FAE04EC0-301F-11D3-BF4B-00C04F79EFBC}") = "BI.Suppliers", "BI.Suppliers\BI.Suppliers.csproj", "{CF781CC6-3300-49DD-B6D8-6A937B81AD6A}"
EndProject
Project("{FAE04EC0-301F-11D3-BF4B-00C04F79EFBC}") = "BI.STQA", "BI.STQA\BI.STQA.csproj", "{BA8D84E7-C244-4B93-98C2-71038DFA28B2}"
EndProject
Project("{FAE04EC0-301F-11D3-BF4B-00C04F79EFBC}") = "BI.AllApproval", "BI.AllApproval\BI.AllApproval.csproj", "{1982580B-9D63-4ECB-9783-7107A2B9E868}"
EndProject
Project("{FAE04EC0-301F-11D3-BF4B-00C04F79EFBC}") = "BI.SPA", "BI.SPA\BI.SPA.csproj", "{863883AF-80A8-4F71-8179-5F1DFAB133DD}"
EndProject
Project("{FAE04EC0-301F-11D3-BF4B-00C04F79EFBC}") = "Platform.EmailSenderConsole", "Platform.EmailSender\Platform.EmailSenderConsole.csproj", "{80FF7ECB-77D6-4A77-B5D3-FC62FFD652DB}"
EndProject
Project("{FAE04EC0-301F-11D3-BF4B-00C04F79EFBC}") = "Platform.Messages", "Platform.Messages\Platform.Messages.csproj", "{6119CD6A-395E-4418-B54D-3484B7FDE53E}"
EndProject
Project("{FAE04EC0-301F-11D3-BF4B-00C04F79EFBC}") = "BI.PaymentSuppliers", "BI.PaymentSuppliers\BI.PaymentSuppliers.csproj", "{6FD2D90F-A02E-471D-9CE2-CE2DB3B9DA94}"
EndProject
Project("{FAE04EC0-301F-11D3-BF4B-00C04F79EFBC}") = "BI.SPA_ApproverSetup", "BI.SPA_ApproverSetup\BI.SPA_ApproverSetup.csproj", "{B245AB9D-0FB1-4EBC-B668-240E5B2F95EA}"
EndProject
Project("{FAE04EC0-301F-11D3-BF4B-00C04F79EFBC}") = "BI.SPA_CostService", "BI.SPA_CostService\BI.SPA_CostService.csproj", "{C470AA82-8860-4B31-BB93-344DB77E907F}"
EndProject
Project("{FAE04EC0-301F-11D3-BF4B-00C04F79EFBC}") = "BI.SPA_Evaluation", "BI.SPA_Evaluation\BI.SPA_Evaluation.csproj", "{A6A57381-38D3-45E5-9281-4B88D7398315}"
EndProject
Project("{FAE04EC0-301F-11D3-BF4B-00C04F79EFBC}") = "BI.SPA_ScoringInfo", "BI.SPA_ScoringInfo\BI.SPA_ScoringInfo.csproj", "{61CC5ED5-BB11-402D-9F99-424C5AD61067}"
EndProject
Project("{FAE04EC0-301F-11D3-BF4B-00C04F79EFBC}") = "BI.SPA_Violation", "BI.SPA_Violation\BI.SPA_Violation.csproj", "{4C8E1C0F-4E97-4AAA-86CB-DDAB25D76E4F}"
EndProject
Global
	GlobalSection(SolutionConfigurationPlatforms) = preSolution
		Debug|Any CPU = Debug|Any CPU
		Release|Any CPU = Release|Any CPU
	EndGlobalSection
	GlobalSection(ProjectConfigurationPlatforms) = postSolution
		{F4B7A23E-4772-4EE8-B702-FA120848110C}.Debug|Any CPU.ActiveCfg = Debug|Any CPU
		{F4B7A23E-4772-4EE8-B702-FA120848110C}.Debug|Any CPU.Build.0 = Debug|Any CPU
		{F4B7A23E-4772-4EE8-B702-FA120848110C}.Release|Any CPU.ActiveCfg = Release|Any CPU
		{F4B7A23E-4772-4EE8-B702-FA120848110C}.Release|Any CPU.Build.0 = Release|Any CPU
		{6330B1BA-7111-4467-8446-4A38C5E3D1EE}.Debug|Any CPU.ActiveCfg = Debug|Any CPU
		{6330B1BA-7111-4467-8446-4A38C5E3D1EE}.Debug|Any CPU.Build.0 = Debug|Any CPU
		{6330B1BA-7111-4467-8446-4A38C5E3D1EE}.Release|Any CPU.ActiveCfg = Release|Any CPU
		{6330B1BA-7111-4467-8446-4A38C5E3D1EE}.Release|Any CPU.Build.0 = Release|Any CPU
		{5DEFA750-6EA3-4DFB-BD82-D352D1DB5F08}.Debug|Any CPU.ActiveCfg = Debug|Any CPU
		{5DEFA750-6EA3-4DFB-BD82-D352D1DB5F08}.Debug|Any CPU.Build.0 = Debug|Any CPU
		{5DEFA750-6EA3-4DFB-BD82-D352D1DB5F08}.Release|Any CPU.ActiveCfg = Release|Any CPU
		{5DEFA750-6EA3-4DFB-BD82-D352D1DB5F08}.Release|Any CPU.Build.0 = Release|Any CPU
		{1D495112-15C2-467A-8D1F-30A799977F99}.Debug|Any CPU.ActiveCfg = Debug|Any CPU
		{1D495112-15C2-467A-8D1F-30A799977F99}.Debug|Any CPU.Build.0 = Debug|Any CPU
		{1D495112-15C2-467A-8D1F-30A799977F99}.Release|Any CPU.ActiveCfg = Release|Any CPU
		{1D495112-15C2-467A-8D1F-30A799977F99}.Release|Any CPU.Build.0 = Release|Any CPU
		{CC603DEE-8777-4802-9B55-FC8F3855A8A7}.Debug|Any CPU.ActiveCfg = Debug|Any CPU
		{CC603DEE-8777-4802-9B55-FC8F3855A8A7}.Debug|Any CPU.Build.0 = Debug|Any CPU
		{CC603DEE-8777-4802-9B55-FC8F3855A8A7}.Release|Any CPU.ActiveCfg = Release|Any CPU
		{CC603DEE-8777-4802-9B55-FC8F3855A8A7}.Release|Any CPU.Build.0 = Release|Any CPU
		{9C0EA599-AFC4-4D59-8716-65E8170FE702}.Debug|Any CPU.ActiveCfg = Debug|Any CPU
		{9C0EA599-AFC4-4D59-8716-65E8170FE702}.Debug|Any CPU.Build.0 = Debug|Any CPU
		{9C0EA599-AFC4-4D59-8716-65E8170FE702}.Release|Any CPU.ActiveCfg = Release|Any CPU
		{9C0EA599-AFC4-4D59-8716-65E8170FE702}.Release|Any CPU.Build.0 = Release|Any CPU
		{262FBFC6-9153-408E-812D-CED80BAB7A34}.Debug|Any CPU.ActiveCfg = Debug|Any CPU
		{262FBFC6-9153-408E-812D-CED80BAB7A34}.Debug|Any CPU.Build.0 = Debug|Any CPU
		{262FBFC6-9153-408E-812D-CED80BAB7A34}.Release|Any CPU.ActiveCfg = Release|Any CPU
		{262FBFC6-9153-408E-812D-CED80BAB7A34}.Release|Any CPU.Build.0 = Release|Any CPU
		{FBAB3EF0-28B7-4A04-9BDE-0EB86124F131}.Debug|Any CPU.ActiveCfg = Debug|Any CPU
		{FBAB3EF0-28B7-4A04-9BDE-0EB86124F131}.Debug|Any CPU.Build.0 = Debug|Any CPU
		{FBAB3EF0-28B7-4A04-9BDE-0EB86124F131}.Release|Any CPU.ActiveCfg = Release|Any CPU
		{FBAB3EF0-28B7-4A04-9BDE-0EB86124F131}.Release|Any CPU.Build.0 = Release|Any CPU
		{2389E96D-EE22-4DA2-9E89-013B92C48613}.Debug|Any CPU.ActiveCfg = Debug|Any CPU
		{2389E96D-EE22-4DA2-9E89-013B92C48613}.Debug|Any CPU.Build.0 = Debug|Any CPU
		{2389E96D-EE22-4DA2-9E89-013B92C48613}.Release|Any CPU.ActiveCfg = Release|Any CPU
		{2389E96D-EE22-4DA2-9E89-013B92C48613}.Release|Any CPU.Build.0 = Release|Any CPU
		{91E6D1C4-B7EC-4E9C-A0A3-ECD4A8F2D565}.Debug|Any CPU.ActiveCfg = Debug|Any CPU
		{91E6D1C4-B7EC-4E9C-A0A3-ECD4A8F2D565}.Debug|Any CPU.Build.0 = Debug|Any CPU
		{91E6D1C4-B7EC-4E9C-A0A3-ECD4A8F2D565}.Release|Any CPU.ActiveCfg = Release|Any CPU
		{91E6D1C4-B7EC-4E9C-A0A3-ECD4A8F2D565}.Release|Any CPU.Build.0 = Release|Any CPU
		{C7B88AB0-37B5-4B25-9AE3-410447C22074}.Debug|Any CPU.ActiveCfg = Debug|Any CPU
		{C7B88AB0-37B5-4B25-9AE3-410447C22074}.Debug|Any CPU.Build.0 = Debug|Any CPU
		{C7B88AB0-37B5-4B25-9AE3-410447C22074}.Release|Any CPU.ActiveCfg = Release|Any CPU
		{C7B88AB0-37B5-4B25-9AE3-410447C22074}.Release|Any CPU.Build.0 = Release|Any CPU
		{CF781CC6-3300-49DD-B6D8-6A937B81AD6A}.Debug|Any CPU.ActiveCfg = Debug|Any CPU
		{CF781CC6-3300-49DD-B6D8-6A937B81AD6A}.Debug|Any CPU.Build.0 = Debug|Any CPU
		{CF781CC6-3300-49DD-B6D8-6A937B81AD6A}.Release|Any CPU.ActiveCfg = Release|Any CPU
		{CF781CC6-3300-49DD-B6D8-6A937B81AD6A}.Release|Any CPU.Build.0 = Release|Any CPU
		{BA8D84E7-C244-4B93-98C2-71038DFA28B2}.Debug|Any CPU.ActiveCfg = Debug|Any CPU
		{BA8D84E7-C244-4B93-98C2-71038DFA28B2}.Debug|Any CPU.Build.0 = Debug|Any CPU
		{BA8D84E7-C244-4B93-98C2-71038DFA28B2}.Release|Any CPU.ActiveCfg = Release|Any CPU
		{BA8D84E7-C244-4B93-98C2-71038DFA28B2}.Release|Any CPU.Build.0 = Release|Any CPU
		{1982580B-9D63-4ECB-9783-7107A2B9E868}.Debug|Any CPU.ActiveCfg = Debug|Any CPU
		{1982580B-9D63-4ECB-9783-7107A2B9E868}.Debug|Any CPU.Build.0 = Debug|Any CPU
		{1982580B-9D63-4ECB-9783-7107A2B9E868}.Release|Any CPU.ActiveCfg = Release|Any CPU
		{1982580B-9D63-4ECB-9783-7107A2B9E868}.Release|Any CPU.Build.0 = Release|Any CPU
		{863883AF-80A8-4F71-8179-5F1DFAB133DD}.Debug|Any CPU.ActiveCfg = Debug|Any CPU
		{863883AF-80A8-4F71-8179-5F1DFAB133DD}.Debug|Any CPU.Build.0 = Debug|Any CPU
		{863883AF-80A8-4F71-8179-5F1DFAB133DD}.Release|Any CPU.ActiveCfg = Release|Any CPU
		{863883AF-80A8-4F71-8179-5F1DFAB133DD}.Release|Any CPU.Build.0 = Release|Any CPU
		{80FF7ECB-77D6-4A77-B5D3-FC62FFD652DB}.Debug|Any CPU.ActiveCfg = Debug|Any CPU
		{80FF7ECB-77D6-4A77-B5D3-FC62FFD652DB}.Debug|Any CPU.Build.0 = Debug|Any CPU
		{80FF7ECB-77D6-4A77-B5D3-FC62FFD652DB}.Release|Any CPU.ActiveCfg = Release|Any CPU
		{80FF7ECB-77D6-4A77-B5D3-FC62FFD652DB}.Release|Any CPU.Build.0 = Release|Any CPU
		{6119CD6A-395E-4418-B54D-3484B7FDE53E}.Debug|Any CPU.ActiveCfg = Debug|Any CPU
		{6119CD6A-395E-4418-B54D-3484B7FDE53E}.Debug|Any CPU.Build.0 = Debug|Any CPU
		{6119CD6A-395E-4418-B54D-3484B7FDE53E}.Release|Any CPU.ActiveCfg = Release|Any CPU
		{6119CD6A-395E-4418-B54D-3484B7FDE53E}.Release|Any CPU.Build.0 = Release|Any CPU
		{6FD2D90F-A02E-471D-9CE2-CE2DB3B9DA94}.Debug|Any CPU.ActiveCfg = Debug|Any CPU
		{6FD2D90F-A02E-471D-9CE2-CE2DB3B9DA94}.Debug|Any CPU.Build.0 = Debug|Any CPU
		{6FD2D90F-A02E-471D-9CE2-CE2DB3B9DA94}.Release|Any CPU.ActiveCfg = Release|Any CPU
		{6FD2D90F-A02E-471D-9CE2-CE2DB3B9DA94}.Release|Any CPU.Build.0 = Release|Any CPU
		{B245AB9D-0FB1-4EBC-B668-240E5B2F95EA}.Debug|Any CPU.ActiveCfg = Debug|Any CPU
		{B245AB9D-0FB1-4EBC-B668-240E5B2F95EA}.Debug|Any CPU.Build.0 = Debug|Any CPU
		{B245AB9D-0FB1-4EBC-B668-240E5B2F95EA}.Release|Any CPU.ActiveCfg = Release|Any CPU
		{B245AB9D-0FB1-4EBC-B668-240E5B2F95EA}.Release|Any CPU.Build.0 = Release|Any CPU
		{C470AA82-8860-4B31-BB93-344DB77E907F}.Debug|Any CPU.ActiveCfg = Debug|Any CPU
		{C470AA82-8860-4B31-BB93-344DB77E907F}.Debug|Any CPU.Build.0 = Debug|Any CPU
		{C470AA82-8860-4B31-BB93-344DB77E907F}.Release|Any CPU.ActiveCfg = Release|Any CPU
		{C470AA82-8860-4B31-BB93-344DB77E907F}.Release|Any CPU.Build.0 = Release|Any CPU
		{A6A57381-38D3-45E5-9281-4B88D7398315}.Debug|Any CPU.ActiveCfg = Debug|Any CPU
		{A6A57381-38D3-45E5-9281-4B88D7398315}.Debug|Any CPU.Build.0 = Debug|Any CPU
		{A6A57381-38D3-45E5-9281-4B88D7398315}.Release|Any CPU.ActiveCfg = Release|Any CPU
		{A6A57381-38D3-45E5-9281-4B88D7398315}.Release|Any CPU.Build.0 = Release|Any CPU
		{61CC5ED5-BB11-402D-9F99-424C5AD61067}.Debug|Any CPU.ActiveCfg = Debug|Any CPU
		{61CC5ED5-BB11-402D-9F99-424C5AD61067}.Debug|Any CPU.Build.0 = Debug|Any CPU
		{61CC5ED5-BB11-402D-9F99-424C5AD61067}.Release|Any CPU.ActiveCfg = Release|Any CPU
		{61CC5ED5-BB11-402D-9F99-424C5AD61067}.Release|Any CPU.Build.0 = Release|Any CPU
		{4C8E1C0F-4E97-4AAA-86CB-DDAB25D76E4F}.Debug|Any CPU.ActiveCfg = Debug|Any CPU
		{4C8E1C0F-4E97-4AAA-86CB-DDAB25D76E4F}.Debug|Any CPU.Build.0 = Debug|Any CPU
		{4C8E1C0F-4E97-4AAA-86CB-DDAB25D76E4F}.Release|Any CPU.ActiveCfg = Release|Any CPU
		{4C8E1C0F-4E97-4AAA-86CB-DDAB25D76E4F}.Release|Any CPU.Build.0 = Release|Any CPU
	EndGlobalSection
	GlobalSection(SolutionProperties) = preSolution
		HideSolutionNode = FALSE
	EndGlobalSection
	GlobalSection(NestedProjects) = preSolution
		{6330B1BA-7111-4467-8446-4A38C5E3D1EE} = {2276B762-1416-4DD4-A712-9F859A1F4D1D}
		{5DEFA750-6EA3-4DFB-BD82-D352D1DB5F08} = {2276B762-1416-4DD4-A712-9F859A1F4D1D}
		{1D495112-15C2-467A-8D1F-30A799977F99} = {2276B762-1416-4DD4-A712-9F859A1F4D1D}
		{CC603DEE-8777-4802-9B55-FC8F3855A8A7} = {467F3F9C-C7F0-4645-ABCB-29EEA13CA504}
		{9C0EA599-AFC4-4D59-8716-65E8170FE702} = {2276B762-1416-4DD4-A712-9F859A1F4D1D}
		{262FBFC6-9153-408E-812D-CED80BAB7A34} = {2276B762-1416-4DD4-A712-9F859A1F4D1D}
		{FBAB3EF0-28B7-4A04-9BDE-0EB86124F131} = {2276B762-1416-4DD4-A712-9F859A1F4D1D}
		{2389E96D-EE22-4DA2-9E89-013B92C48613} = {2276B762-1416-4DD4-A712-9F859A1F4D1D}
		{C7B88AB0-37B5-4B25-9AE3-410447C22074} = {467F3F9C-C7F0-4645-ABCB-29EEA13CA504}
		{CF781CC6-3300-49DD-B6D8-6A937B81AD6A} = {467F3F9C-C7F0-4645-ABCB-29EEA13CA504}
		{BA8D84E7-C244-4B93-98C2-71038DFA28B2} = {467F3F9C-C7F0-4645-ABCB-29EEA13CA504}
		{1982580B-9D63-4ECB-9783-7107A2B9E868} = {467F3F9C-C7F0-4645-ABCB-29EEA13CA504}
		{863883AF-80A8-4F71-8179-5F1DFAB133DD} = {467F3F9C-C7F0-4645-ABCB-29EEA13CA504}
		{6119CD6A-395E-4418-B54D-3484B7FDE53E} = {2276B762-1416-4DD4-A712-9F859A1F4D1D}
		{6FD2D90F-A02E-471D-9CE2-CE2DB3B9DA94} = {467F3F9C-C7F0-4645-ABCB-29EEA13CA504}
		{B245AB9D-0FB1-4EBC-B668-240E5B2F95EA} = {467F3F9C-C7F0-4645-ABCB-29EEA13CA504}
		{C470AA82-8860-4B31-BB93-344DB77E907F} = {467F3F9C-C7F0-4645-ABCB-29EEA13CA504}
		{A6A57381-38D3-45E5-9281-4B88D7398315} = {467F3F9C-C7F0-4645-ABCB-29EEA13CA504}
		{61CC5ED5-BB11-402D-9F99-424C5AD61067} = {467F3F9C-C7F0-4645-ABCB-29EEA13CA504}
		{4C8E1C0F-4E97-4AAA-86CB-DDAB25D76E4F} = {467F3F9C-C7F0-4645-ABCB-29EEA13CA504}
	EndGlobalSection
	GlobalSection(ExtensibilityGlobals) = postSolution
		SolutionGuid = {4062389A-622F-4543-80FC-3A1649B4BCC1}
	EndGlobalSection
EndGlobal
